
Microsoft Visual Studio Solution File, Format Version 12.00
# Visual Studio Version 17
VisualStudioVersion = 17.5.33530.505
MinimumVisualStudioVersion = 10.0.40219.1
Project("{FAE04EC0-301F-11D3-BF4B-00C04F79EFBC}") = "MicroTranslator", "MicroTranslator.csproj", "{75CC0F06-D7C8-4EB2-9158-EAF749AD630B}"
EndProject
Global
	GlobalSection(SolutionConfigurationPlatforms) = preSolution
		Debug|Any CPU = Debug|Any CPU
		Release|Any CPU = Release|Any CPU
	EndGlobalSection
	GlobalSection(ProjectConfigurationPlatforms) = postSolution
		{75CC0F06-D7C8-4EB2-9158-EAF749AD630B}.Debug|Any CPU.ActiveCfg = Debug|Any CPU
		{75CC0F06-D7C8-4EB2-9158-EAF749AD630B}.Debug|Any CPU.Build.0 = Debug|Any CPU
		{75CC0F06-D7C8-4EB2-9158-EAF749AD630B}.Debug|Any CPU.Deploy.0 = Debug|Any CPU
		{75CC0F06-D7C8-4EB2-9158-EAF749AD630B}.Release|Any CPU.ActiveCfg = Release|Any CPU
		{75CC0F06-D7C8-4EB2-9158-EAF749AD630B}.Release|Any CPU.Build.0 = Release|Any CPU
		{75CC0F06-D7C8-4EB2-9158-EAF749AD630B}.Release|Any CPU.Deploy.0 = Release|Any CPU
	EndGlobalSection
	GlobalSection(SolutionProperties) = preSolution
		HideSolutionNode = FALSE
	EndGlobalSection
	GlobalSection(ExtensibilityGlobals) = postSolution
		SolutionGuid = {5B12D1D4-E26B-44CF-ABED-25BB1A6E5F18}
	EndGlobalSection
EndGlobal
